
Microsoft Visual Studio Solution File, Format Version 12.00
# Visual Studio Version 17
VisualStudioVersion = 17.4.33213.308
MinimumVisualStudioVersion = 10.0.40219.1
Project("{FAE04EC0-301F-11D3-BF4B-00C04F79EFBC}") = "WcfServiceKonfirmasiVaksin_20", "WcfServiceKonfirmasiVaksin_20.csproj", "{C99B1296-6219-4F38-87F8-A0058F5A9336}"
EndProject
Global
	GlobalSection(SolutionConfigurationPlatforms) = preSolution
		Debug|Any CPU = Debug|Any CPU
		Release|Any CPU = Release|Any CPU
	EndGlobalSection
	GlobalSection(ProjectConfigurationPlatforms) = postSolution
		{C99B1296-6219-4F38-87F8-A0058F5A9336}.Debug|Any CPU.ActiveCfg = Debug|Any CPU
		{C99B1296-6219-4F38-87F8-A0058F5A9336}.Debug|Any CPU.Build.0 = Debug|Any CPU
		{C99B1296-6219-4F38-87F8-A0058F5A9336}.Release|Any CPU.ActiveCfg = Release|Any CPU
		{C99B1296-6219-4F38-87F8-A0058F5A9336}.Release|Any CPU.Build.0 = Release|Any CPU
	EndGlobalSection
	GlobalSection(SolutionProperties) = preSolution
		HideSolutionNode = FALSE
	EndGlobalSection
	GlobalSection(ExtensibilityGlobals) = postSolution
		SolutionGuid = {1FC8BDED-3525-44D1-B91D-D19BA8C5B686}
	EndGlobalSection
EndGlobal
